
Microsoft Visual Studio Solution File, Format Version 12.00
# Visual Studio 15
VisualStudioVersion = 15.0.26430.16
MinimumVisualStudioVersion = 10.0.40219.1
Project("{FAE04EC0-301F-11D3-BF4B-00C04F79EFBC}") = "test setup", "test setup\test setup.csproj", "{3F9B2A7F-1340-40CC-B829-55B478F371A0}"
EndProject
Project("{54435603-DBB4-11D2-8724-00A0C9A8B90C}") = "Setupprojecttest", "Setupprojecttest\Setupprojecttest.vdproj", "{AE0AE209-06C2-42E0-BEF7-B2BE96464342}"
EndProject
Global
	GlobalSection(SolutionConfigurationPlatforms) = preSolution
		Debug|Any CPU = Debug|Any CPU
		Release|Any CPU = Release|Any CPU
	EndGlobalSection
	GlobalSection(ProjectConfigurationPlatforms) = postSolution
		{3F9B2A7F-1340-40CC-B829-55B478F371A0}.Debug|Any CPU.ActiveCfg = Debug|Any CPU
		{3F9B2A7F-1340-40CC-B829-55B478F371A0}.Debug|Any CPU.Build.0 = Debug|Any CPU
		{3F9B2A7F-1340-40CC-B829-55B478F371A0}.Release|Any CPU.ActiveCfg = Release|Any CPU
		{3F9B2A7F-1340-40CC-B829-55B478F371A0}.Release|Any CPU.Build.0 = Release|Any CPU
		{AE0AE209-06C2-42E0-BEF7-B2BE96464342}.Debug|Any CPU.ActiveCfg = Debug
		{AE0AE209-06C2-42E0-BEF7-B2BE96464342}.Release|Any CPU.ActiveCfg = Release
	EndGlobalSection
	GlobalSection(SolutionProperties) = preSolution
		HideSolutionNode = FALSE
	EndGlobalSection
EndGlobal
